
Microsoft Visual Studio Solution File, Format Version 12.00
# Visual Studio Version 17
VisualStudioVersion = 17.11.35312.102
MinimumVisualStudioVersion = 10.0.40219.1
Project("{9A19103F-16F7-4668-BE54-9A1E7A4F7556}") = "EPizzaHub.Core", "EPizza.Core\EPizzaHub.Core.csproj", "{B9202363-D5A5-4B6B-A40B-A5A7205AA3DB}"
EndProject
Project("{9A19103F-16F7-4668-BE54-9A1E7A4F7556}") = "EPizzaHub.Models", "EPizzaHub.Models\EPizzaHub.Models.csproj", "{D00EAE70-C77A-4DC5-8917-D9DC7944BD67}"
EndProject
Project("{9A19103F-16F7-4668-BE54-9A1E7A4F7556}") = "EPizzaHub.Repositories", "EPizzaHub.Repositories\EPizzaHub.Repositories.csproj", "{17CA4CE3-DAAE-402E-99AD-620DF910C0B0}"
EndProject
Project("{9A19103F-16F7-4668-BE54-9A1E7A4F7556}") = "EPizzaHub.API", "EPizzaHub.API\EPizzaHub.API.csproj", "{D8CDF805-119F-4474-83C5-63F4E366CD8C}"
EndProject
Project("{9A19103F-16F7-4668-BE54-9A1E7A4F7556}") = "EPizzaHub.UI", "EPizzaHub.UI\EPizzaHub.UI.csproj", "{F32A8FD3-E0D2-4460-A122-33C21C48A90C}"
EndProject
Project("{2150E333-8FDC-42A3-9474-1A3956D46DE8}") = "src", "src", "{3E691DEB-5C72-4408-A204-7B25B26978A3}"
EndProject
Project("{2150E333-8FDC-42A3-9474-1A3956D46DE8}") = "API", "API", "{CB86DAE5-0D64-442D-AD34-3E3AD0141913}"
EndProject
Project("{2150E333-8FDC-42A3-9474-1A3956D46DE8}") = "Core", "Core", "{69260450-3441-47D1-943A-51B316F16972}"
EndProject
Project("{2150E333-8FDC-42A3-9474-1A3956D46DE8}") = "Peristance", "Peristance", "{44E131A7-EB34-47ED-A52F-73D2E5DFA0CC}"
EndProject
Project("{2150E333-8FDC-42A3-9474-1A3956D46DE8}") = "UI", "UI", "{AFF25EFA-F69E-406E-ABE2-8EB4173C5A4E}"
EndProject
Project("{FAE04EC0-301F-11D3-BF4B-00C04F79EFBC}") = "EPizzaHub.Domain", "EPizzaHub.Domain\EPizzaHub.Domain.csproj", "{42E20776-0606-4E43-867B-496D87008435}"
EndProject
Global
	GlobalSection(SolutionConfigurationPlatforms) = preSolution
		Debug|Any CPU = Debug|Any CPU
		Release|Any CPU = Release|Any CPU
	EndGlobalSection
	GlobalSection(ProjectConfigurationPlatforms) = postSolution
		{B9202363-D5A5-4B6B-A40B-A5A7205AA3DB}.Debug|Any CPU.ActiveCfg = Debug|Any CPU
		{B9202363-D5A5-4B6B-A40B-A5A7205AA3DB}.Debug|Any CPU.Build.0 = Debug|Any CPU
		{B9202363-D5A5-4B6B-A40B-A5A7205AA3DB}.Release|Any CPU.ActiveCfg = Release|Any CPU
		{B9202363-D5A5-4B6B-A40B-A5A7205AA3DB}.Release|Any CPU.Build.0 = Release|Any CPU
		{D00EAE70-C77A-4DC5-8917-D9DC7944BD67}.Debug|Any CPU.ActiveCfg = Debug|Any CPU
		{D00EAE70-C77A-4DC5-8917-D9DC7944BD67}.Debug|Any CPU.Build.0 = Debug|Any CPU
		{D00EAE70-C77A-4DC5-8917-D9DC7944BD67}.Release|Any CPU.ActiveCfg = Release|Any CPU
		{D00EAE70-C77A-4DC5-8917-D9DC7944BD67}.Release|Any CPU.Build.0 = Release|Any CPU
		{17CA4CE3-DAAE-402E-99AD-620DF910C0B0}.Debug|Any CPU.ActiveCfg = Debug|Any CPU
		{17CA4CE3-DAAE-402E-99AD-620DF910C0B0}.Debug|Any CPU.Build.0 = Debug|Any CPU
		{17CA4CE3-DAAE-402E-99AD-620DF910C0B0}.Release|Any CPU.ActiveCfg = Release|Any CPU
		{17CA4CE3-DAAE-402E-99AD-620DF910C0B0}.Release|Any CPU.Build.0 = Release|Any CPU
		{D8CDF805-119F-4474-83C5-63F4E366CD8C}.Debug|Any CPU.ActiveCfg = Debug|Any CPU
		{D8CDF805-119F-4474-83C5-63F4E366CD8C}.Debug|Any CPU.Build.0 = Debug|Any CPU
		{D8CDF805-119F-4474-83C5-63F4E366CD8C}.Release|Any CPU.ActiveCfg = Release|Any CPU
		{D8CDF805-119F-4474-83C5-63F4E366CD8C}.Release|Any CPU.Build.0 = Release|Any CPU
		{F32A8FD3-E0D2-4460-A122-33C21C48A90C}.Debug|Any CPU.ActiveCfg = Debug|Any CPU
		{F32A8FD3-E0D2-4460-A122-33C21C48A90C}.Debug|Any CPU.Build.0 = Debug|Any CPU
		{F32A8FD3-E0D2-4460-A122-33C21C48A90C}.Release|Any CPU.ActiveCfg = Release|Any CPU
		{F32A8FD3-E0D2-4460-A122-33C21C48A90C}.Release|Any CPU.Build.0 = Release|Any CPU
		{42E20776-0606-4E43-867B-496D87008435}.Debug|Any CPU.ActiveCfg = Debug|Any CPU
		{42E20776-0606-4E43-867B-496D87008435}.Debug|Any CPU.Build.0 = Debug|Any CPU
		{42E20776-0606-4E43-867B-496D87008435}.Release|Any CPU.ActiveCfg = Release|Any CPU
		{42E20776-0606-4E43-867B-496D87008435}.Release|Any CPU.Build.0 = Release|Any CPU
	EndGlobalSection
	GlobalSection(SolutionProperties) = preSolution
		HideSolutionNode = FALSE
	EndGlobalSection
	GlobalSection(NestedProjects) = preSolution
		{B9202363-D5A5-4B6B-A40B-A5A7205AA3DB} = {69260450-3441-47D1-943A-51B316F16972}
		{D00EAE70-C77A-4DC5-8917-D9DC7944BD67} = {69260450-3441-47D1-943A-51B316F16972}
		{17CA4CE3-DAAE-402E-99AD-620DF910C0B0} = {44E131A7-EB34-47ED-A52F-73D2E5DFA0CC}
		{D8CDF805-119F-4474-83C5-63F4E366CD8C} = {CB86DAE5-0D64-442D-AD34-3E3AD0141913}
		{F32A8FD3-E0D2-4460-A122-33C21C48A90C} = {AFF25EFA-F69E-406E-ABE2-8EB4173C5A4E}
		{CB86DAE5-0D64-442D-AD34-3E3AD0141913} = {3E691DEB-5C72-4408-A204-7B25B26978A3}
		{69260450-3441-47D1-943A-51B316F16972} = {3E691DEB-5C72-4408-A204-7B25B26978A3}
		{44E131A7-EB34-47ED-A52F-73D2E5DFA0CC} = {3E691DEB-5C72-4408-A204-7B25B26978A3}
		{AFF25EFA-F69E-406E-ABE2-8EB4173C5A4E} = {3E691DEB-5C72-4408-A204-7B25B26978A3}
		{42E20776-0606-4E43-867B-496D87008435} = {44E131A7-EB34-47ED-A52F-73D2E5DFA0CC}
	EndGlobalSection
	GlobalSection(ExtensibilityGlobals) = postSolution
		SolutionGuid = {6E21E11A-046D-4580-B17D-F9F4763078DA}
	EndGlobalSection
EndGlobal
